
Microsoft Visual Studio Solution File, Format Version 12.00
# Visual Studio 15
VisualStudioVersion = 15.0.28307.168
MinimumVisualStudioVersion = 10.0.40219.1
Project("{8BC9CEB8-8B4A-11D0-8D11-00A0C91BC942}") = "recursive", "recursive\recursive.vcxproj", "{27F2EFF5-0FA4-4D6A-A144-D6EEB9BF3A84}"
EndProject
Global
	GlobalSection(SolutionConfigurationPlatforms) = preSolution
		Debug|x64 = Debug|x64
		Debug|x86 = Debug|x86
		Release|x64 = Release|x64
		Release|x86 = Release|x86
	EndGlobalSection
	GlobalSection(ProjectConfigurationPlatforms) = postSolution
		{27F2EFF5-0FA4-4D6A-A144-D6EEB9BF3A84}.Debug|x64.ActiveCfg = Debug|x64
		{27F2EFF5-0FA4-4D6A-A144-D6EEB9BF3A84}.Debug|x64.Build.0 = Debug|x64
		{27F2EFF5-0FA4-4D6A-A144-D6EEB9BF3A84}.Debug|x86.ActiveCfg = Debug|Win32
		{27F2EFF5-0FA4-4D6A-A144-D6EEB9BF3A84}.Debug|x86.Build.0 = Debug|Win32
		{27F2EFF5-0FA4-4D6A-A144-D6EEB9BF3A84}.Release|x64.ActiveCfg = Release|x64
		{27F2EFF5-0FA4-4D6A-A144-D6EEB9BF3A84}.Release|x64.Build.0 = Release|x64
		{27F2EFF5-0FA4-4D6A-A144-D6EEB9BF3A84}.Release|x86.ActiveCfg = Release|Win32
		{27F2EFF5-0FA4-4D6A-A144-D6EEB9BF3A84}.Release|x86.Build.0 = Release|Win32
	EndGlobalSection
	GlobalSection(SolutionProperties) = preSolution
		HideSolutionNode = FALSE
	EndGlobalSection
	GlobalSection(ExtensibilityGlobals) = postSolution
		SolutionGuid = {46ACECD6-BEBD-4AE9-B832-810065943318}
	EndGlobalSection
EndGlobal
